
Microsoft Visual Studio Solution File, Format Version 12.00
# Visual Studio Version 16
VisualStudioVersion = 16.0.30711.63
MinimumVisualStudioVersion = 10.0.40219.1
Project("{FAE04EC0-301F-11D3-BF4B-00C04F79EFBC}") = "NQueens", "NQueens\NQueens.csproj", "{249F448C-3D9F-4CEB-8613-86843CA8D557}"
EndProject
Global
	GlobalSection(SolutionConfigurationPlatforms) = preSolution
		Debug|Any CPU = Debug|Any CPU
		Release|Any CPU = Release|Any CPU
	EndGlobalSection
	GlobalSection(ProjectConfigurationPlatforms) = postSolution
		{249F448C-3D9F-4CEB-8613-86843CA8D557}.Debug|Any CPU.ActiveCfg = Debug|Any CPU
		{249F448C-3D9F-4CEB-8613-86843CA8D557}.Debug|Any CPU.Build.0 = Debug|Any CPU
		{249F448C-3D9F-4CEB-8613-86843CA8D557}.Release|Any CPU.ActiveCfg = Release|Any CPU
		{249F448C-3D9F-4CEB-8613-86843CA8D557}.Release|Any CPU.Build.0 = Release|Any CPU
	EndGlobalSection
	GlobalSection(SolutionProperties) = preSolution
		HideSolutionNode = FALSE
	EndGlobalSection
	GlobalSection(ExtensibilityGlobals) = postSolution
		SolutionGuid = {E711177B-8FE5-4F41-AC6A-364FF666CBBA}
	EndGlobalSection
EndGlobal
